
Microsoft Visual Studio Solution File, Format Version 12.00
# Visual Studio Version 17
VisualStudioVersion = 17.10.34928.147
MinimumVisualStudioVersion = 10.0.40219.1
Project("{FAE04EC0-301F-11D3-BF4B-00C04F79EFBC}") = "Crud Operation", "Crud Operation.csproj", "{89D8D1A4-6BE2-49A0-BC32-E06E72C4860D}"
EndProject
Global
	GlobalSection(SolutionConfigurationPlatforms) = preSolution
		Debug|Any CPU = Debug|Any CPU
		Release|Any CPU = Release|Any CPU
	EndGlobalSection
	GlobalSection(ProjectConfigurationPlatforms) = postSolution
		{89D8D1A4-6BE2-49A0-BC32-E06E72C4860D}.Debug|Any CPU.ActiveCfg = Debug|Any CPU
		{89D8D1A4-6BE2-49A0-BC32-E06E72C4860D}.Debug|Any CPU.Build.0 = Debug|Any CPU
		{89D8D1A4-6BE2-49A0-BC32-E06E72C4860D}.Release|Any CPU.ActiveCfg = Release|Any CPU
		{89D8D1A4-6BE2-49A0-BC32-E06E72C4860D}.Release|Any CPU.Build.0 = Release|Any CPU
	EndGlobalSection
	GlobalSection(SolutionProperties) = preSolution
		HideSolutionNode = FALSE
	EndGlobalSection
	GlobalSection(ExtensibilityGlobals) = postSolution
		SolutionGuid = {F2149564-FBBB-4118-80B5-F7AE42457744}
	EndGlobalSection
EndGlobal
